
Microsoft Visual Studio Solution File, Format Version 12.00
# Visual Studio Version 17
VisualStudioVersion = 17.10.34928.147
MinimumVisualStudioVersion = 10.0.40219.1
Project("{FAE04EC0-301F-11D3-BF4B-00C04F79EFBC}") = "Sales_NET8.Web", "Sales_NET8.Web\Sales_NET8.Web.csproj", "{090AC161-EECA-44A5-93D7-46C69D9205B5}"
EndProject
Global
	GlobalSection(SolutionConfigurationPlatforms) = preSolution
		Debug|Any CPU = Debug|Any CPU
		Release|Any CPU = Release|Any CPU
	EndGlobalSection
	GlobalSection(ProjectConfigurationPlatforms) = postSolution
		{090AC161-EECA-44A5-93D7-46C69D9205B5}.Debug|Any CPU.ActiveCfg = Debug|Any CPU
		{090AC161-EECA-44A5-93D7-46C69D9205B5}.Debug|Any CPU.Build.0 = Debug|Any CPU
		{090AC161-EECA-44A5-93D7-46C69D9205B5}.Release|Any CPU.ActiveCfg = Release|Any CPU
		{090AC161-EECA-44A5-93D7-46C69D9205B5}.Release|Any CPU.Build.0 = Release|Any CPU
	EndGlobalSection
	GlobalSection(SolutionProperties) = preSolution
		HideSolutionNode = FALSE
	EndGlobalSection
	GlobalSection(ExtensibilityGlobals) = postSolution
		SolutionGuid = {C8D2E35E-69E1-4171-B87B-D4F4454BB78A}
	EndGlobalSection
EndGlobal
